
Microsoft Visual Studio Solution File, Format Version 12.00
# Visual Studio Version 16
VisualStudioVersion = 16.0.31112.23
MinimumVisualStudioVersion = 10.0.40219.1
Project("{FAE04EC0-301F-11D3-BF4B-00C04F79EFBC}") = "MyJunkSolution", "MyJunkSolution\MyJunkSolution.csproj", "{F2DE8BB4-FD3A-421C-A2BE-754929A4E757}"
EndProject
Project("{FAE04EC0-301F-11D3-BF4B-00C04F79EFBC}") = "MyJunkSolution.Interfaces", "MyJunkSolution.Interfaces\MyJunkSolution.Interfaces.csproj", "{84C1F71A-AAA4-4A08-9728-19E710965E4D}"
EndProject
Project("{FAE04EC0-301F-11D3-BF4B-00C04F79EFBC}") = "MyJunkSolution.Displayers", "MyJunkSolution.Displayers\MyJunkSolution.Displayers.csproj", "{B5100EA8-BE29-49CF-A08F-823D7F4DFFC5}"
EndProject
Global
	GlobalSection(SolutionConfigurationPlatforms) = preSolution
		Debug|x64 = Debug|x64
		Debug|x86 = Debug|x86
		Release|x64 = Release|x64
		Release|x86 = Release|x86
	EndGlobalSection
	GlobalSection(ProjectConfigurationPlatforms) = postSolution
		{F2DE8BB4-FD3A-421C-A2BE-754929A4E757}.Debug|x64.ActiveCfg = Debug|x64
		{F2DE8BB4-FD3A-421C-A2BE-754929A4E757}.Debug|x64.Build.0 = Debug|x64
		{F2DE8BB4-FD3A-421C-A2BE-754929A4E757}.Debug|x86.ActiveCfg = Debug|x86
		{F2DE8BB4-FD3A-421C-A2BE-754929A4E757}.Debug|x86.Build.0 = Debug|x86
		{F2DE8BB4-FD3A-421C-A2BE-754929A4E757}.Release|x64.ActiveCfg = Release|x64
		{F2DE8BB4-FD3A-421C-A2BE-754929A4E757}.Release|x64.Build.0 = Release|x64
		{F2DE8BB4-FD3A-421C-A2BE-754929A4E757}.Release|x86.ActiveCfg = Release|x86
		{F2DE8BB4-FD3A-421C-A2BE-754929A4E757}.Release|x86.Build.0 = Release|x86
		{84C1F71A-AAA4-4A08-9728-19E710965E4D}.Debug|x64.ActiveCfg = Debug|x64
		{84C1F71A-AAA4-4A08-9728-19E710965E4D}.Debug|x64.Build.0 = Debug|x64
		{84C1F71A-AAA4-4A08-9728-19E710965E4D}.Debug|x86.ActiveCfg = Debug|x86
		{84C1F71A-AAA4-4A08-9728-19E710965E4D}.Debug|x86.Build.0 = Debug|x86
		{84C1F71A-AAA4-4A08-9728-19E710965E4D}.Release|x64.ActiveCfg = Release|x64
		{84C1F71A-AAA4-4A08-9728-19E710965E4D}.Release|x64.Build.0 = Release|x64
		{84C1F71A-AAA4-4A08-9728-19E710965E4D}.Release|x86.ActiveCfg = Release|x86
		{84C1F71A-AAA4-4A08-9728-19E710965E4D}.Release|x86.Build.0 = Release|x86
		{B5100EA8-BE29-49CF-A08F-823D7F4DFFC5}.Debug|x64.ActiveCfg = Debug|x64
		{B5100EA8-BE29-49CF-A08F-823D7F4DFFC5}.Debug|x64.Build.0 = Debug|x64
		{B5100EA8-BE29-49CF-A08F-823D7F4DFFC5}.Debug|x86.ActiveCfg = Debug|x86
		{B5100EA8-BE29-49CF-A08F-823D7F4DFFC5}.Debug|x86.Build.0 = Debug|x86
		{B5100EA8-BE29-49CF-A08F-823D7F4DFFC5}.Release|x64.ActiveCfg = Release|x64
		{B5100EA8-BE29-49CF-A08F-823D7F4DFFC5}.Release|x64.Build.0 = Release|x64
		{B5100EA8-BE29-49CF-A08F-823D7F4DFFC5}.Release|x86.ActiveCfg = Release|x86
		{B5100EA8-BE29-49CF-A08F-823D7F4DFFC5}.Release|x86.Build.0 = Release|x86
	EndGlobalSection
	GlobalSection(SolutionProperties) = preSolution
		HideSolutionNode = FALSE
	EndGlobalSection
	GlobalSection(ExtensibilityGlobals) = postSolution
		SolutionGuid = {25CAA92D-1AF0-4988-9AA1-E850D91203CA}
	EndGlobalSection
EndGlobal
